Microsoft Visual Studio Solution File, Format Version 11.00
# Visual Studio 2008

Project("{91E6C6AB-B25A-A504-33B6-279EA9B9D2E7}") = "RangeOfMotion", "Assembly-CSharp-vs.csproj", "{27D8B9CC-FFF9-4510-961B-58881044FC03}"
EndProject
Project("{91E6C6AB-B25A-A504-33B6-279EA9B9D2E7}") = "RangeOfMotion", "Assembly-CSharp-Editor-vs.csproj", "{8970590F-61FF-1186-CE81-944888B17383}"
EndProject
Global
	GlobalSection(SolutionConfigurationPlatforms) = preSolution
		Debug|Any CPU = Debug|Any CPU
		Release|Any CPU = Release|Any CPU
	EndGlobalSection
	GlobalSection(ProjectConfigurationPlatforms) = postSolution
		{27D8B9CC-FFF9-4510-961B-58881044FC03}.Debug|Any CPU.ActiveCfg = Debug|Any CPU
		{27D8B9CC-FFF9-4510-961B-58881044FC03}.Debug|Any CPU.Build.0 = Debug|Any CPU
		{27D8B9CC-FFF9-4510-961B-58881044FC03}.Release|Any CPU.ActiveCfg = Release|Any CPU
		{27D8B9CC-FFF9-4510-961B-58881044FC03}.Release|Any CPU.Build.0 = Release|Any CPU
		{8970590F-61FF-1186-CE81-944888B17383}.Debug|Any CPU.ActiveCfg = Debug|Any CPU
		{8970590F-61FF-1186-CE81-944888B17383}.Debug|Any CPU.Build.0 = Debug|Any CPU
		{8970590F-61FF-1186-CE81-944888B17383}.Release|Any CPU.ActiveCfg = Release|Any CPU
		{8970590F-61FF-1186-CE81-944888B17383}.Release|Any CPU.Build.0 = Release|Any CPU
	EndGlobalSection
	GlobalSection(SolutionProperties) = preSolution
		HideSolutionNode = FALSE
	EndGlobalSection
																																																																																																													GlobalSection(MonoDevelopProperties) = preSolution
		StartupItem = Assembly-CSharp.csproj
		Policies = $0
		$0.TextStylePolicy = $1
		$1.inheritsSet = null
		$1.scope = text/x-csharp
		$0.CSharpFormattingPolicy = $2
		$2.inheritsSet = Mono
		$2.inheritsScope = text/x-csharp
		$2.scope = text/x-csharp
		$0.TextStylePolicy = $3
		$3.FileWidth = 120
		$3.TabWidth = 4
		$3.EolMarker = Unix
		$3.inheritsSet = Mono
		$3.inheritsScope = text/plain
		$3.scope = text/plain
	EndGlobalSection

EndGlobal
